
Microsoft Visual Studio Solution File, Format Version 12.00
# Visual Studio Version 17
VisualStudioVersion = 17.0.32014.148
MinimumVisualStudioVersion = 10.0.40219.1
Project("{9A19103F-16F7-4668-BE54-9A1E7A4F7556}") = "NursingBot", "NursingBot.csproj", "{F43BA849-BA4E-462E-B95E-F5FBFF4D6735}"
EndProject
Global
	GlobalSection(SolutionConfigurationPlatforms) = preSolution
		Debug|Any CPU = Debug|Any CPU
		Release|Any CPU = Release|Any CPU
	EndGlobalSection
	GlobalSection(ProjectConfigurationPlatforms) = postSolution
		{F43BA849-BA4E-462E-B95E-F5FBFF4D6735}.Debug|Any CPU.ActiveCfg = Debug|Any CPU
		{F43BA849-BA4E-462E-B95E-F5FBFF4D6735}.Debug|Any CPU.Build.0 = Debug|Any CPU
		{F43BA849-BA4E-462E-B95E-F5FBFF4D6735}.Release|Any CPU.ActiveCfg = Release|Any CPU
		{F43BA849-BA4E-462E-B95E-F5FBFF4D6735}.Release|Any CPU.Build.0 = Release|Any CPU
	EndGlobalSection
	GlobalSection(SolutionProperties) = preSolution
		HideSolutionNode = FALSE
	EndGlobalSection
	GlobalSection(ExtensibilityGlobals) = postSolution
		SolutionGuid = {6258C463-1F72-4B88-BD63-660E2B020EF9}
	EndGlobalSection
EndGlobal
